
Microsoft Visual Studio Solution File, Format Version 12.00
# Visual Studio 14
VisualStudioVersion = 14.0.25420.1
MinimumVisualStudioVersion = 10.0.40219.1
Project("{FAE04EC0-301F-11D3-BF4B-00C04F79EFBC}") = "AspNet_Anglr_Explorer", "AspNet_Anglr_Explorer\AspNet_Anglr_Explorer.csproj", "{98551885-19A8-480C-979F-FAF42FFCD7A0}"
EndProject
Project("{FAE04EC0-301F-11D3-BF4B-00C04F79EFBC}") = "FSExplorer.BL", "FSExplorer.BL\FSExplorer.BL.csproj", "{F3219282-D874-47D6-AE62-C557BC10FA8C}"
EndProject
Project("{FAE04EC0-301F-11D3-BF4B-00C04F79EFBC}") = "FSExplorer.Models", "FSExplorer.Models\FSExplorer.Models.csproj", "{0012869A-E853-4FC3-8FF5-855512BA1A56}"
EndProject
Global
	GlobalSection(SolutionConfigurationPlatforms) = preSolution
		Debug|Any CPU = Debug|Any CPU
		Release|Any CPU = Release|Any CPU
	EndGlobalSection
	GlobalSection(ProjectConfigurationPlatforms) = postSolution
		{98551885-19A8-480C-979F-FAF42FFCD7A0}.Debug|Any CPU.ActiveCfg = Debug|Any CPU
		{98551885-19A8-480C-979F-FAF42FFCD7A0}.Debug|Any CPU.Build.0 = Debug|Any CPU
		{98551885-19A8-480C-979F-FAF42FFCD7A0}.Release|Any CPU.ActiveCfg = Release|Any CPU
		{98551885-19A8-480C-979F-FAF42FFCD7A0}.Release|Any CPU.Build.0 = Release|Any CPU
		{F3219282-D874-47D6-AE62-C557BC10FA8C}.Debug|Any CPU.ActiveCfg = Debug|Any CPU
		{F3219282-D874-47D6-AE62-C557BC10FA8C}.Debug|Any CPU.Build.0 = Debug|Any CPU
		{F3219282-D874-47D6-AE62-C557BC10FA8C}.Release|Any CPU.ActiveCfg = Release|Any CPU
		{F3219282-D874-47D6-AE62-C557BC10FA8C}.Release|Any CPU.Build.0 = Release|Any CPU
		{0012869A-E853-4FC3-8FF5-855512BA1A56}.Debug|Any CPU.ActiveCfg = Debug|Any CPU
		{0012869A-E853-4FC3-8FF5-855512BA1A56}.Debug|Any CPU.Build.0 = Debug|Any CPU
		{0012869A-E853-4FC3-8FF5-855512BA1A56}.Release|Any CPU.ActiveCfg = Release|Any CPU
		{0012869A-E853-4FC3-8FF5-855512BA1A56}.Release|Any CPU.Build.0 = Release|Any CPU
	EndGlobalSection
	GlobalSection(SolutionProperties) = preSolution
		HideSolutionNode = FALSE
	EndGlobalSection
EndGlobal
